{
  "version": 4,
  "terraform_version": "1.12.2",
  "serial": 23,
  "lineage": "2953fcab-f2ad-17ef-9784-80f86cabca3e",
  "outputs": {
    "backend_configuration": {
      "value": "terraform {\r\n  backend \"s3\" {\r\n    bucket         = \"efy-web-backend-dev-terraform-state-030382357640\"\r\n    key            = \"terraform.tfstate\"\r\n    region         = \"ap-south-1\"\r\n    encrypt        = true\r\n    use_lockfile   = true\r\n  }\r\n}\r\n",
      "type": "string"
    },
    "s3_bucket_name": {
      "value": "efy-web-backend-dev-terraform-state-030382357640",
      "type": "string"
    }
  },
  "resources": [
    {
      "mode": "managed",
      "type": "aws_s3_bucket",
      "name": "terraform_state",
      "provider": "provider[\"registry.terraform.io/hashicorp/aws\"]",
      "instances": [
        {
          "schema_version": 0,
          "attributes": {
            "acceleration_status": "",
            "acl": null,
            "arn": "arn:aws:s3:::efy-web-backend-dev-terraform-state-030382357640",
            "bucket": "efy-web-backend-dev-terraform-state-030382357640",
            "bucket_domain_name": "efy-web-backend-dev-terraform-state-030382357640.s3.amazonaws.com",
            "bucket_prefix": "",
            "bucket_regional_domain_name": "efy-web-backend-dev-terraform-state-030382357640.s3.ap-south-1.amazonaws.com",
            "cors_rule": [],
            "force_destroy": false,
            "grant": [
              {
                "id": "aae515f35353447ed949e258d53cf2f5843ebbbddb0d71d576d512b8865e5139",
                "permissions": [
                  "FULL_CONTROL"
                ],
                "type": "CanonicalUser",
                "uri": ""
              }
            ],
            "hosted_zone_id": "Z11RGJOFQNVJUP",
            "id": "efy-web-backend-dev-terraform-state-030382357640",
            "lifecycle_rule": [],
            "logging": [],
            "object_lock_configuration": [],
            "object_lock_enabled": false,
            "policy": "",
            "region": "ap-south-1",
            "replication_configuration": [],
            "request_payer": "BucketOwner",
            "server_side_encryption_configuration": [
              {
                "rule": [
                  {
                    "apply_server_side_encryption_by_default": [
                      {
                        "kms_master_key_id": "",
                        "sse_algorithm": "AES256"
                      }
                    ],
                    "bucket_key_enabled": false
                  }
                ]
              }
            ],
            "tags": {
              "CostCenter": "development",
              "Environment": "dev",
              "ManagedBy": "terraform",
              "Name": "efy-web-backend-dev",
              "Project": "efy-web-backend",
              "Purpose": "terraform-backend",
              "Workspace": "dev"
            },
            "tags_all": {
              "CostCenter": "development",
              "Environment": "dev",
              "ManagedBy": "terraform",
              "Name": "efy-web-backend-dev",
              "Project": "efy-web-backend",
              "Purpose": "terraform-backend",
              "Workspace": "dev"
            },
            "timeouts": null,
            "versioning": [
              {
                "enabled": true,
                "mfa_delete": false
              }
            ],
            "website": [],
            "website_domain": null,
            "website_endpoint": null
          },
          "sensitive_attributes": [],
          "identity_schema_version": 0,
          "private": "eyJlMmJmYjczMC1lY2FhLTExZTYtOGY4OC0zNDM2M2JjN2M0YzAiOnsiY3JlYXRlIjoxMjAwMDAwMDAwMDAwLCJkZWxldGUiOjM2MDAwMDAwMDAwMDAsInJlYWQiOjEyMDAwMDAwMDAwMDAsInVwZGF0ZSI6MTIwMDAwMDAwMDAwMH19"
        }
      ]
    },
    {
      "mode": "managed",
      "type": "aws_s3_bucket_public_access_block",
      "name": "terraform_state_pab",
      "provider": "provider[\"registry.terraform.io/hashicorp/aws\"]",
      "instances": [
        {
          "schema_version": 0,
          "attributes": {
            "block_public_acls": true,
            "block_public_policy": true,
            "bucket": "efy-web-backend-dev-terraform-state-030382357640",
            "id": "efy-web-backend-dev-terraform-state-030382357640",
            "ignore_public_acls": true,
            "restrict_public_buckets": true
          },
          "sensitive_attributes": [],
          "identity_schema_version": 0,
          "private": "bnVsbA==",
          "dependencies": [
            "aws_s3_bucket.terraform_state"
          ]
        }
      ]
    },
    {
      "mode": "managed",
      "type": "aws_s3_bucket_server_side_encryption_configuration",
      "name": "terraform_state_encryption",
      "provider": "provider[\"registry.terraform.io/hashicorp/aws\"]",
      "instances": [
        {
          "index_key": 0,
          "schema_version": 0,
          "attributes": {
            "bucket": "efy-web-backend-dev-terraform-state-030382357640",
            "expected_bucket_owner": "",
            "id": "efy-web-backend-dev-terraform-state-030382357640",
            "rule": [
              {
                "apply_server_side_encryption_by_default": [
                  {
                    "kms_master_key_id": "",
                    "sse_algorithm": "AES256"
                  }
                ],
                "bucket_key_enabled": false
              }
            ]
          },
          "sensitive_attributes": [],
          "identity_schema_version": 0,
          "private": "bnVsbA==",
          "dependencies": [
            "aws_s3_bucket.terraform_state"
          ]
        }
      ]
    },
    {
      "mode": "managed",
      "type": "aws_s3_bucket_versioning",
      "name": "terraform_state_versioning",
      "provider": "provider[\"registry.terraform.io/hashicorp/aws\"]",
      "instances": [
        {
          "index_key": 0,
          "schema_version": 0,
          "attributes": {
            "bucket": "efy-web-backend-dev-terraform-state-030382357640",
            "expected_bucket_owner": "",
            "id": "efy-web-backend-dev-terraform-state-030382357640",
            "mfa": null,
            "versioning_configuration": [
              {
                "mfa_delete": "",
                "status": "Enabled"
              }
            ]
          },
          "sensitive_attributes": [],
          "identity_schema_version": 0,
          "private": "bnVsbA==",
          "dependencies": [
            "aws_s3_bucket.terraform_state"
          ]
        }
      ]
    }
  ],
  "check_results": null
}
